
Microsoft Visual Studio Solution File, Format Version 12.00
# Visual Studio Version 16
VisualStudioVersion = 16.0.29920.165
MinimumVisualStudioVersion = 10.0.40219.1
Project("{FAE04EC0-301F-11D3-BF4B-00C04F79EFBC}") = "WebApplication3", "WebApplication3\WebApplication3.csproj", "{94BEBE6D-E2C3-40AC-8A17-5C313092A0D9}"
EndProject
Global
	GlobalSection(SolutionConfigurationPlatforms) = preSolution
		Debug|Any CPU = Debug|Any CPU
		Release|Any CPU = Release|Any CPU
	EndGlobalSection
	GlobalSection(ProjectConfigurationPlatforms) = postSolution
		{94BEBE6D-E2C3-40AC-8A17-5C313092A0D9}.Debug|Any CPU.ActiveCfg = Debug|Any CPU
		{94BEBE6D-E2C3-40AC-8A17-5C313092A0D9}.Debug|Any CPU.Build.0 = Debug|Any CPU
		{94BEBE6D-E2C3-40AC-8A17-5C313092A0D9}.Release|Any CPU.ActiveCfg = Release|Any CPU
		{94BEBE6D-E2C3-40AC-8A17-5C313092A0D9}.Release|Any CPU.Build.0 = Release|Any CPU
	EndGlobalSection
	GlobalSection(SolutionProperties) = preSolution
		HideSolutionNode = FALSE
	EndGlobalSection
	GlobalSection(ExtensibilityGlobals) = postSolution
		SolutionGuid = {C622C456-D54D-410B-8903-FA44F5D96627}
	EndGlobalSection
EndGlobal
